
Microsoft Visual Studio Solution File, Format Version 12.00
# Visual Studio 14
VisualStudioVersion = 14.0.25420.1
MinimumVisualStudioVersion = 10.0.40219.1
Project("{FAE04EC0-301F-11D3-BF4B-00C04F79EFBC}") = "PuzzleTest", "PuzzleTest\PuzzleTest.csproj", "{B436EEE5-D9E0-427B-B5DF-7C4E3ABCFC5C}"
EndProject
Project("{FAE04EC0-301F-11D3-BF4B-00C04F79EFBC}") = "PuzzleTest.Tests", "PuzzleTest.Tests1\PuzzleTest.Tests.csproj", "{65E4CEBB-C46F-415D-8752-5BC7A38D4F9F}"
EndProject
Global
	GlobalSection(SolutionConfigurationPlatforms) = preSolution
		Debug|Any CPU = Debug|Any CPU
		Release|Any CPU = Release|Any CPU
	EndGlobalSection
	GlobalSection(ProjectConfigurationPlatforms) = postSolution
		{B436EEE5-D9E0-427B-B5DF-7C4E3ABCFC5C}.Debug|Any CPU.ActiveCfg = Debug|Any CPU
		{B436EEE5-D9E0-427B-B5DF-7C4E3ABCFC5C}.Debug|Any CPU.Build.0 = Debug|Any CPU
		{B436EEE5-D9E0-427B-B5DF-7C4E3ABCFC5C}.Release|Any CPU.ActiveCfg = Release|Any CPU
		{B436EEE5-D9E0-427B-B5DF-7C4E3ABCFC5C}.Release|Any CPU.Build.0 = Release|Any CPU
		{65E4CEBB-C46F-415D-8752-5BC7A38D4F9F}.Debug|Any CPU.ActiveCfg = Debug|Any CPU
		{65E4CEBB-C46F-415D-8752-5BC7A38D4F9F}.Debug|Any CPU.Build.0 = Debug|Any CPU
		{65E4CEBB-C46F-415D-8752-5BC7A38D4F9F}.Release|Any CPU.ActiveCfg = Release|Any CPU
		{65E4CEBB-C46F-415D-8752-5BC7A38D4F9F}.Release|Any CPU.Build.0 = Release|Any CPU
	EndGlobalSection
	GlobalSection(SolutionProperties) = preSolution
		HideSolutionNode = FALSE
	EndGlobalSection
EndGlobal
